{
  "object": {
    "pins": [
      {
        "package": "FoundationToolz",
        "repositoryURL": "https://github.com/flowtoolz/FoundationToolz.git",
        "state": {
          "branch": "master",
          "revision": "e33bbb77c675fa1d7317d869683ccab2ff14b426",
          "version": null
        }
      },
      {
        "package": "GetLaid",
        "repositoryURL": "https://github.com/flowtoolz/GetLaid.git",
        "state": {
          "branch": "master",
          "revision": "dc295db78f8397a94249f18f304100eae6ce95e9",
          "version": null
        }
      },
      {
        "package": "Reachability",
        "repositoryURL": "https://github.com/ashleymills/Reachability.swift.git",
        "state": {
          "branch": null,
          "revision": "6c8652a8ea35a64cf36367d07b3d6e5e6a24b272",
          "version": "4.3.1"
        }
      },
      {
        "package": "SwiftObserver",
        "repositoryURL": "https://github.com/flowtoolz/SwiftObserver.git",
        "state": {
          "branch": "master",
          "revision": "e00f765ce831cef5591133ff27817f4bdae670c6",
          "version": null
        }
      },
      {
        "package": "SwiftyToolz",
        "repositoryURL": "https://github.com/flowtoolz/SwiftyToolz.git",
        "state": {
          "branch": "master",
          "revision": "87e8655f5ad7c520527f58b2548a37ad0bfc1cc7",
          "version": null
        }
      }
    ]
  },
  "version": 1
}
