// !$*UTF8*$!
{
	archiveVersion = 1;
	classes = {
	};
	objectVersion = 48;
	objects = {

/* Begin PBXBuildFile section */
		9E717B2E208CF9CF00ACE92D /* AppDelegate.swift in Sources */ = {isa = PBXBuildFile; fileRef = 9E717B2D208CF9CF00ACE92D /* AppDelegate.swift */; };
		9E717B30208CF9CF00ACE92D /* ViewController.swift in Sources */ = {isa = PBXBuildFile; fileRef = 9E717B2F208CF9CF00ACE92D /* ViewController.swift */; };
		9E717B33208CF9CF00ACE92D /* Main.storyboard in Resources */ = {isa = PBXBuildFile; fileRef = 9E717B31208CF9CF00ACE92D /* Main.storyboard */; };
		9E717B35208CF9CF00ACE92D /* Assets.xcassets in Resources */ = {isa = PBXBuildFile; fileRef = 9E717B34208CF9CF00ACE92D /* Assets.xcassets */; };
		9E717B38208CF9CF00ACE92D /* LaunchScreen.storyboard in Resources */ = {isa = PBXBuildFile; fileRef = 9E717B36208CF9CF00ACE92D /* LaunchScreen.storyboard */; };
/* End PBXBuildFile section */

/* Begin PBXFileReference section */
		9E717B2A208CF9CF00ACE92D /* FoundationToolzExampleCocoapodsIOS.app */ = {isa = PBXFileReference; explicitFileType = wrapper.application; includeInIndex = 0; path = FoundationToolzExampleCocoapodsIOS.app; sourceTree = BUILT_PRODUCTS_DIR; };
		9E717B2D208CF9CF00ACE92D /* AppDelegate.swift */ = {isa = PBXFileReference; lastKnownFileType = sourcecode.swift; path = AppDelegate.swift; sourceTree = "<group>"; };
		9E717B2F208CF9CF00ACE92D /* ViewController.swift */ = {isa = PBXFileReference; lastKnownFileType = sourcecode.swift; path = ViewController.swift; sourceTree = "<group>"; };
		9E717B32208CF9CF00ACE92D /* Base */ = {isa = PBXFileReference; lastKnownFileType = file.storyboard; name = Base; path = Base.lproj/Main.storyboard; sourceTree = "<group>"; };
		9E717B34208CF9CF00ACE92D /* Assets.xcassets */ = {isa = PBXFileReference; lastKnownFileType = folder.assetcatalog; path = Assets.xcassets; sourceTree = "<group>"; };
		9E717B37208CF9CF00ACE92D /* Base */ = {isa = PBXFileReference; lastKnownFileType = file.storyboard; name = Base; path = Base.lproj/LaunchScreen.storyboard; sourceTree = "<group>"; };
		9E717B39208CF9CF00ACE92D /* Info.plist */ = {isa = PBXFileReference; lastKnownFileType = text.plist.xml; path = Info.plist; sourceTree = "<group>"; };
/* End PBXFileReference section */

/* Begin PBXFrameworksBuildPhase section */
		9E717B27208CF9CF00ACE92D /* Frameworks */ = {
			isa = PBXFrameworksBuildPhase;
			buildActionMask = 2147483647;
			files = (
			);
			runOnlyForDeploymentPostprocessing = 0;
		};
/* End PBXFrameworksBuildPhase section */

/* Begin PBXGroup section */
		9E717B21208CF9CF00ACE92D = {
			isa = PBXGroup;
			children = (
				9E717B2C208CF9CF00ACE92D /* FoundationToolzExampleCocoapodsIOS */,
				9E717B2B208CF9CF00ACE92D /* Products */,
			);
			sourceTree = "<group>";
		};
		9E717B2B208CF9CF00ACE92D /* Products */ = {
			isa = PBXGroup;
			children = (
				9E717B2A208CF9CF00ACE92D /* FoundationToolzExampleCocoapodsIOS.app */,
			);
			name = Products;
			sourceTree = "<group>";
		};
		9E717B2C208CF9CF00ACE92D /* FoundationToolzExampleCocoapodsIOS */ = {
			isa = PBXGroup;
			children = (
				9E717B2D208CF9CF00ACE92D /* AppDelegate.swift */,
				9E717B2F208CF9CF00ACE92D /* ViewController.swift */,
				9E717B31208CF9CF00ACE92D /* Main.storyboard */,
				9E717B34208CF9CF00ACE92D /* Assets.xcassets */,
				9E717B36208CF9CF00ACE92D /* LaunchScreen.storyboard */,
				9E717B39208CF9CF00ACE92D /* Info.plist */,
			);
			path = FoundationToolzExampleCocoapodsIOS;
			sourceTree = "<group>";
		};
/* End PBXGroup section */

/* Begin PBXNativeTarget section */
		9E717B29208CF9CF00ACE92D /* FoundationToolzExampleCocoapodsIOS */ = {
			isa = PBXNativeTarget;
			buildConfigurationList = 9E717B3C208CF9CF00ACE92D /* Build configuration list for PBXNativeTarget "FoundationToolzExampleCocoapodsIOS" */;
			buildPhases = (
				9E717B26208CF9CF00ACE92D /* Sources */,
				9E717B27208CF9CF00ACE92D /* Frameworks */,
				9E717B28208CF9CF00ACE92D /* Resources */,
			);
			buildRules = (
			);
			dependencies = (
			);
			name = FoundationToolzExampleCocoapodsIOS;
			productName = FoundationToolzExampleCocoapodsIOS;
			productReference = 9E717B2A208CF9CF00ACE92D /* FoundationToolzExampleCocoapodsIOS.app */;
			productType = "com.apple.product-type.application";
		};
/* End PBXNativeTarget section */

/* Begin PBXProject section */
		9E717B22208CF9CF00ACE92D /* Project object */ = {
			isa = PBXProject;
			attributes = {
				LastSwiftUpdateCheck = 0920;
				LastUpgradeCheck = 0920;
				ORGANIZATIONNAME = Flowtoolz;
				TargetAttributes = {
					9E717B29208CF9CF00ACE92D = {
						CreatedOnToolsVersion = 9.2;
						ProvisioningStyle = Automatic;
					};
				};
			};
			buildConfigurationList = 9E717B25208CF9CF00ACE92D /* Build configuration list for PBXProject "FoundationToolzExampleCocoapodsIOS" */;
			compatibilityVersion = "Xcode 8.0";
			developmentRegion = en;
			hasScannedForEncodings = 0;
			knownRegions = (
				en,
				Base,
			);
			mainGroup = 9E717B21208CF9CF00ACE92D;
			productRefGroup = 9E717B2B208CF9CF00ACE92D /* Products */;
			projectDirPath = "";
			projectRoot = "";
			targets = (
				9E717B29208CF9CF00ACE92D /* FoundationToolzExampleCocoapodsIOS */,
			);
		};
/* End PBXProject section */

/* Begin PBXResourcesBuildPhase section */
		9E717B28208CF9CF00ACE92D /* Resources */ = {
			isa = PBXResourcesBuildPhase;
			buildActionMask = 2147483647;
			files = (
				9E717B38208CF9CF00ACE92D /* LaunchScreen.storyboard in Resources */,
				9E717B35208CF9CF00ACE92D /* Assets.xcassets in Resources */,
				9E717B33208CF9CF00ACE92D /* Main.storyboard in Resources */,
			);
			runOnlyForDeploymentPostprocessing = 0;
		};
/* End PBXResourcesBuildPhase section */

/* Begin PBXSourcesBuildPhase section */
		9E717B26208CF9CF00ACE92D /* Sources */ = {
			isa = PBXSourcesBuildPhase;
			buildActionMask = 2147483647;
			files = (
				9E717B30208CF9CF00ACE92D /* ViewController.swift in Sources */,
				9E717B2E208CF9CF00ACE92D /* AppDelegate.swift in Sources */,
			);
			runOnlyForDeploymentPostprocessing = 0;
		};
/* End PBXSourcesBuildPhase section */

/* Begin PBXVariantGroup section */
		9E717B31208CF9CF00ACE92D /* Main.storyboard */ = {
			isa = PBXVariantGroup;
			children = (
				9E717B32208CF9CF00ACE92D /* Base */,
			);
			name = Main.storyboard;
			sourceTree = "<group>";
		};
		9E717B36208CF9CF00ACE92D /* LaunchScreen.storyboard */ = {
			isa = PBXVariantGroup;
			children = (
				9E717B37208CF9CF00ACE92D /* Base */,
			);
			name = LaunchScreen.storyboard;
			sourceTree = "<group>";
		};
/* End PBXVariantGroup section */

/* Begin XCBuildConfiguration section */
		9E717B3A208CF9CF00ACE92D /* Debug */ = {
			isa = XCBuildConfiguration;
			buildSettings = {
				ALWAYS_SEARCH_USER_PATHS = NO;
				CLANG_ANALYZER_NONNULL = YES;
				CLANG_ANALYZER_NUMBER_OBJECT_CONVERSION = YES_AGGRESSIVE;
				CLANG_CXX_LANGUAGE_STANDARD = "gnu++14";
				CLANG_CXX_LIBRARY = "libc++";
				CLANG_ENABLE_MODULES = YES;
				CLANG_ENABLE_OBJC_ARC = YES;
				CLANG_WARN_BLOCK_CAPTURE_AUTORELEASING = YES;
				CLANG_WARN_BOOL_CONVERSION = YES;
				CLANG_WARN_COMMA = YES;
				CLANG_WARN_CONSTANT_CONVERSION = YES;
				CLANG_WARN_DIRECT_OBJC_ISA_USAGE = YES_ERROR;
				CLANG_WARN_DOCUMENTATION_COMMENTS = YES;
				CLANG_WARN_EMPTY_BODY = YES;
				CLANG_WARN_ENUM_CONVERSION = YES;
				CLANG_WARN_INFINITE_RECURSION = YES;
				CLANG_WARN_INT_CONVERSION = YES;
				CLANG_WARN_NON_LITERAL_NULL_CONVERSION = YES;
				CLANG_WARN_OBJC_LITERAL_CONVERSION = YES;
				CLANG_WARN_OBJC_ROOT_CLASS = YES_ERROR;
				CLANG_WARN_RANGE_LOOP_ANALYSIS = YES;
				CLANG_WARN_STRICT_PROTOTYPES = YES;
				CLANG_WARN_SUSPICIOUS_MOVE = YES;
				CLANG_WARN_UNGUARDED_AVAILABILITY = YES_AGGRESSIVE;
				CLANG_WARN_UNREACHABLE_CODE = YES;
				CLANG_WARN__DUPLICATE_METHOD_MATCH = YES;
				CODE_SIGN_IDENTITY = "iPhone Developer";
				COPY_PHASE_STRIP = NO;
				DEBUG_INFORMATION_FORMAT = dwarf;
				ENABLE_STRICT_OBJC_MSGSEND = YES;
				ENABLE_TESTABILITY = YES;
				GCC_C_LANGUAGE_STANDARD = gnu11;
				GCC_DYNAMIC_NO_PIC = NO;
				GCC_NO_COMMON_BLOCKS = YES;
				GCC_OPTIMIZATION_LEVEL = 0;
				GCC_PREPROCESSOR_DEFINITIONS = (
					"DEBUG=1",
					"$(inherited)",
				);
				GCC_WARN_64_TO_32_BIT_CONVERSION = YES;
				GCC_WARN_ABOUT_RETURN_TYPE = YES_ERROR;
				GCC_WARN_UNDECLARED_SELECTOR = YES;
				GCC_WARN_UNINITIALIZED_AUTOS = YES_AGGRESSIVE;
				GCC_WARN_UNUSED_FUNCTION = YES;
				GCC_WARN_UNUSED_VARIABLE = YES;
				IPHONEOS_DEPLOYMENT_TARGET = 11.2;
				MTL_ENABLE_DEBUG_INFO = YES;
				ONLY_ACTIVE_ARCH = YES;
				SDKROOT = iphoneos;
				SWIFT_ACTIVE_COMPILATION_CONDITIONS = DEBUG;
				SWIFT_OPTIMIZATION_LEVEL = "-Onone";
			};
			name = Debug;
		};
		9E717B3B208CF9CF00ACE92D /* Release */ = {
			isa = XCBuildConfiguration;
			buildSettings = {
				ALWAYS_SEARCH_USER_PATHS = NO;
				CLANG_ANALYZER_NONNULL = YES;
				CLANG_ANALYZER_NUMBER_OBJECT_CONVERSION = YES_AGGRESSIVE;
				CLANG_CXX_LANGUAGE_STANDARD = "gnu++14";
				CLANG_CXX_LIBRARY = "libc++";
				CLANG_ENABLE_MODULES = YES;
				CLANG_ENABLE_OBJC_ARC = YES;
				CLANG_WARN_BLOCK_CAPTURE_AUTORELEASING = YES;
				CLANG_WARN_BOOL_CONVERSION = YES;
				CLANG_WARN_COMMA = YES;
				CLANG_WARN_CONSTANT_CONVERSION = YES;
				CLANG_WARN_DIRECT_OBJC_ISA_USAGE = YES_ERROR;
				CLANG_WARN_DOCUMENTATION_COMMENTS = YES;
				CLANG_WARN_EMPTY_BODY = YES;
				CLANG_WARN_ENUM_CONVERSION = YES;
				CLANG_WARN_INFINITE_RECURSION = YES;
				CLANG_WARN_INT_CONVERSION = YES;
				CLANG_WARN_NON_LITERAL_NULL_CONVERSION = YES;
				CLANG_WARN_OBJC_LITERAL_CONVERSION = YES;
				CLANG_WARN_OBJC_ROOT_CLASS = YES_ERROR;
				CLANG_WARN_RANGE_LOOP_ANALYSIS = YES;
				CLANG_WARN_STRICT_PROTOTYPES = YES;
				CLANG_WARN_SUSPICIOUS_MOVE = YES;
				CLANG_WARN_UNGUARDED_AVAILABILITY = YES_AGGRESSIVE;
				CLANG_WARN_UNREACHABLE_CODE = YES;
				CLANG_WARN__DUPLICATE_METHOD_MATCH = YES;
				CODE_SIGN_IDENTITY = "iPhone Developer";
				COPY_PHASE_STRIP = NO;
				DEBUG_INFORMATION_FORMAT = "dwarf-with-dsym";
				ENABLE_NS_ASSERTIONS = NO;
				ENABLE_STRICT_OBJC_MSGSEND = YES;
				GCC_C_LANGUAGE_STANDARD = gnu11;
				GCC_NO_COMMON_BLOCKS = YES;
				GCC_WARN_64_TO_32_BIT_CONVERSION = YES;
				GCC_WARN_ABOUT_RETURN_TYPE = YES_ERROR;
				GCC_WARN_UNDECLARED_SELECTOR = YES;
				GCC_WARN_UNINITIALIZED_AUTOS = YES_AGGRESSIVE;
				GCC_WARN_UNUSED_FUNCTION = YES;
				GCC_WARN_UNUSED_VARIABLE = YES;
				IPHONEOS_DEPLOYMENT_TARGET = 11.2;
				MTL_ENABLE_DEBUG_INFO = NO;
				SDKROOT = iphoneos;
				SWIFT_OPTIMIZATION_LEVEL = "-Owholemodule";
				VALIDATE_PRODUCT = YES;
			};
			name = Release;
		};
		9E717B3D208CF9CF00ACE92D /* Debug */ = {
			isa = XCBuildConfiguration;
			buildSettings = {
				ASSETCATALOG_COMPILER_APPICON_NAME = AppIcon;
				CODE_SIGN_STYLE = Automatic;
				INFOPLIST_FILE = FoundationToolzExampleCocoapodsIOS/Info.plist;
				LD_RUNPATH_SEARCH_PATHS = "$(inherited) @executable_path/Frameworks";
				PRODUCT_BUNDLE_IDENTIFIER = com.flowtoolz.FoundationToolzExampleCocoapodsIOS;
				PRODUCT_NAME = "$(TARGET_NAME)";
				SWIFT_VERSION = 4.0;
				TARGETED_DEVICE_FAMILY = "1,2";
			};
			name = Debug;
		};
		9E717B3E208CF9CF00ACE92D /* Release */ = {
			isa = XCBuildConfiguration;
			buildSettings = {
				ASSETCATALOG_COMPILER_APPICON_NAME = AppIcon;
				CODE_SIGN_STYLE = Automatic;
				INFOPLIST_FILE = FoundationToolzExampleCocoapodsIOS/Info.plist;
				LD_RUNPATH_SEARCH_PATHS = "$(inherited) @executable_path/Frameworks";
				PRODUCT_BUNDLE_IDENTIFIER = com.flowtoolz.FoundationToolzExampleCocoapodsIOS;
				PRODUCT_NAME = "$(TARGET_NAME)";
				SWIFT_VERSION = 4.0;
				TARGETED_DEVICE_FAMILY = "1,2";
			};
			name = Release;
		};
/* End XCBuildConfiguration section */

/* Begin XCConfigurationList section */
		9E717B25208CF9CF00ACE92D /* Build configuration list for PBXProject "FoundationToolzExampleCocoapodsIOS" */ = {
			isa = XCConfigurationList;
			buildConfigurations = (
				9E717B3A208CF9CF00ACE92D /* Debug */,
				9E717B3B208CF9CF00ACE92D /* Release */,
			);
			defaultConfigurationIsVisible = 0;
			defaultConfigurationName = Release;
		};
		9E717B3C208CF9CF00ACE92D /* Build configuration list for PBXNativeTarget "FoundationToolzExampleCocoapodsIOS" */ = {
			isa = XCConfigurationList;
			buildConfigurations = (
				9E717B3D208CF9CF00ACE92D /* Debug */,
				9E717B3E208CF9CF00ACE92D /* Release */,
			);
			defaultConfigurationIsVisible = 0;
			defaultConfigurationName = Release;
		};
/* End XCConfigurationList section */
	};
	rootObject = 9E717B22208CF9CF00ACE92D /* Project object */;
}
