// !$*UTF8*$!
{
	archiveVersion = 1;
	classes = {
	};
	objectVersion = 48;
	objects = {

/* Begin PBXBuildFile section */
		9ECC37DE208CEE91004B21AE /* AlertPresenter.swift in Sources */ = {isa = PBXBuildFile; fileRef = 9ECC37D3208CEE90004B21AE /* AlertPresenter.swift */; };
		9ECC37DF208CEE91004B21AE /* UIView+Flowtoolz.swift in Sources */ = {isa = PBXBuildFile; fileRef = 9ECC37D4208CEE90004B21AE /* UIView+Flowtoolz.swift */; };
		9ECC37E0208CEE91004B21AE /* Alert.swift in Sources */ = {isa = PBXBuildFile; fileRef = 9ECC37D5208CEE90004B21AE /* Alert.swift */; };
		9ECC37E1208CEE91004B21AE /* MessagePresenter.swift in Sources */ = {isa = PBXBuildFile; fileRef = 9ECC37D6208CEE90004B21AE /* MessagePresenter.swift */; };
		9ECC37E2208CEE91004B21AE /* ActivityIndicatorOverlay.swift in Sources */ = {isa = PBXBuildFile; fileRef = 9ECC37D7208CEE90004B21AE /* ActivityIndicatorOverlay.swift */; };
		9ECC37E3208CEE91004B21AE /* UIImage+Flowtoolz.swift in Sources */ = {isa = PBXBuildFile; fileRef = 9ECC37D8208CEE90004B21AE /* UIImage+Flowtoolz.swift */; };
		9ECC37E4208CEE91004B21AE /* PagingView.swift in Sources */ = {isa = PBXBuildFile; fileRef = 9ECC37D9208CEE90004B21AE /* PagingView.swift */; };
		9ECC37E5208CEE91004B21AE /* UIColor+Flowtoolz.swift in Sources */ = {isa = PBXBuildFile; fileRef = 9ECC37DA208CEE90004B21AE /* UIColor+Flowtoolz.swift */; };
		9ECC37E6208CEE91004B21AE /* UIFont+Flowtoolz.swift in Sources */ = {isa = PBXBuildFile; fileRef = 9ECC37DB208CEE90004B21AE /* UIFont+Flowtoolz.swift */; };
		9ECC37E7208CEE91004B21AE /* CG+Flowtoolz.swift in Sources */ = {isa = PBXBuildFile; fileRef = 9ECC37DC208CEE90004B21AE /* CG+Flowtoolz.swift */; };
		9ECC37E8208CEE91004B21AE /* BottomLineTextField.swift in Sources */ = {isa = PBXBuildFile; fileRef = 9ECC37DD208CEE91004B21AE /* BottomLineTextField.swift */; };
/* End PBXBuildFile section */

/* Begin PBXFileReference section */
		9E7CB42C208CE1C400B8B6F1 /* UIToolzTvOS.framework */ = {isa = PBXFileReference; explicitFileType = wrapper.framework; includeInIndex = 0; path = UIToolzTvOS.framework; sourceTree = BUILT_PRODUCTS_DIR; };
		9E7CB430208CE1C400B8B6F1 /* UIToolzTvOS.plist */ = {isa = PBXFileReference; lastKnownFileType = text.plist.xml; path = UIToolzTvOS.plist; sourceTree = "<group>"; };
		9ECC37D3208CEE90004B21AE /* AlertPresenter.swift */ = {isa = PBXFileReference; fileEncoding = 4; lastKnownFileType = sourcecode.swift; name = AlertPresenter.swift; path = Code/uikit/AlertPresenter.swift; sourceTree = "<group>"; };
		9ECC37D4208CEE90004B21AE /* UIView+Flowtoolz.swift */ = {isa = PBXFileReference; fileEncoding = 4; lastKnownFileType = sourcecode.swift; name = "UIView+Flowtoolz.swift"; path = "Code/uikit/UIView+Flowtoolz.swift"; sourceTree = "<group>"; };
		9ECC37D5208CEE90004B21AE /* Alert.swift */ = {isa = PBXFileReference; fileEncoding = 4; lastKnownFileType = sourcecode.swift; name = Alert.swift; path = Code/uikit/Alert.swift; sourceTree = "<group>"; };
		9ECC37D6208CEE90004B21AE /* MessagePresenter.swift */ = {isa = PBXFileReference; fileEncoding = 4; lastKnownFileType = sourcecode.swift; name = MessagePresenter.swift; path = Code/uikit/MessagePresenter.swift; sourceTree = "<group>"; };
		9ECC37D7208CEE90004B21AE /* ActivityIndicatorOverlay.swift */ = {isa = PBXFileReference; fileEncoding = 4; lastKnownFileType = sourcecode.swift; name = ActivityIndicatorOverlay.swift; path = Code/uikit/ActivityIndicatorOverlay.swift; sourceTree = "<group>"; };
		9ECC37D8208CEE90004B21AE /* UIImage+Flowtoolz.swift */ = {isa = PBXFileReference; fileEncoding = 4; lastKnownFileType = sourcecode.swift; name = "UIImage+Flowtoolz.swift"; path = "Code/uikit/UIImage+Flowtoolz.swift"; sourceTree = "<group>"; };
		9ECC37D9208CEE90004B21AE /* PagingView.swift */ = {isa = PBXFileReference; fileEncoding = 4; lastKnownFileType = sourcecode.swift; name = PagingView.swift; path = Code/uikit/PagingView.swift; sourceTree = "<group>"; };
		9ECC37DA208CEE90004B21AE /* UIColor+Flowtoolz.swift */ = {isa = PBXFileReference; fileEncoding = 4; lastKnownFileType = sourcecode.swift; name = "UIColor+Flowtoolz.swift"; path = "Code/uikit/UIColor+Flowtoolz.swift"; sourceTree = "<group>"; };
		9ECC37DB208CEE90004B21AE /* UIFont+Flowtoolz.swift */ = {isa = PBXFileReference; fileEncoding = 4; lastKnownFileType = sourcecode.swift; name = "UIFont+Flowtoolz.swift"; path = "Code/uikit/UIFont+Flowtoolz.swift"; sourceTree = "<group>"; };
		9ECC37DC208CEE90004B21AE /* CG+Flowtoolz.swift */ = {isa = PBXFileReference; fileEncoding = 4; lastKnownFileType = sourcecode.swift; name = "CG+Flowtoolz.swift"; path = "Code/uikit/CG+Flowtoolz.swift"; sourceTree = "<group>"; };
		9ECC37DD208CEE91004B21AE /* BottomLineTextField.swift */ = {isa = PBXFileReference; fileEncoding = 4; lastKnownFileType = sourcecode.swift; name = BottomLineTextField.swift; path = Code/uikit/BottomLineTextField.swift; sourceTree = "<group>"; };
/* End PBXFileReference section */

/* Begin PBXFrameworksBuildPhase section */
		9E7CB428208CE1C400B8B6F1 /* Frameworks */ = {
			isa = PBXFrameworksBuildPhase;
			buildActionMask = 2147483647;
			files = (
			);
			runOnlyForDeploymentPostprocessing = 0;
		};
/* End PBXFrameworksBuildPhase section */

/* Begin PBXGroup section */
		9E7CB422208CE1C400B8B6F1 = {
			isa = PBXGroup;
			children = (
				9ECC37D2208CEE83004B21AE /* Code */,
				9E7CB430208CE1C400B8B6F1 /* UIToolzTvOS.plist */,
				9E7CB42D208CE1C400B8B6F1 /* Products */,
			);
			sourceTree = "<group>";
		};
		9E7CB42D208CE1C400B8B6F1 /* Products */ = {
			isa = PBXGroup;
			children = (
				9E7CB42C208CE1C400B8B6F1 /* UIToolzTvOS.framework */,
			);
			name = Products;
			sourceTree = "<group>";
		};
		9ECC37D2208CEE83004B21AE /* Code */ = {
			isa = PBXGroup;
			children = (
				9ECC37D7208CEE90004B21AE /* ActivityIndicatorOverlay.swift */,
				9ECC37D5208CEE90004B21AE /* Alert.swift */,
				9ECC37D3208CEE90004B21AE /* AlertPresenter.swift */,
				9ECC37DD208CEE91004B21AE /* BottomLineTextField.swift */,
				9ECC37DC208CEE90004B21AE /* CG+Flowtoolz.swift */,
				9ECC37D6208CEE90004B21AE /* MessagePresenter.swift */,
				9ECC37D9208CEE90004B21AE /* PagingView.swift */,
				9ECC37DA208CEE90004B21AE /* UIColor+Flowtoolz.swift */,
				9ECC37DB208CEE90004B21AE /* UIFont+Flowtoolz.swift */,
				9ECC37D8208CEE90004B21AE /* UIImage+Flowtoolz.swift */,
				9ECC37D4208CEE90004B21AE /* UIView+Flowtoolz.swift */,
			);
			name = Code;
			sourceTree = "<group>";
		};
/* End PBXGroup section */

/* Begin PBXHeadersBuildPhase section */
		9E7CB429208CE1C400B8B6F1 /* Headers */ = {
			isa = PBXHeadersBuildPhase;
			buildActionMask = 2147483647;
			files = (
			);
			runOnlyForDeploymentPostprocessing = 0;
		};
/* End PBXHeadersBuildPhase section */

/* Begin PBXNativeTarget section */
		9E7CB42B208CE1C400B8B6F1 /* UIToolzTvOS */ = {
			isa = PBXNativeTarget;
			buildConfigurationList = 9E7CB434208CE1C500B8B6F1 /* Build configuration list for PBXNativeTarget "UIToolzTvOS" */;
			buildPhases = (
				9E7CB427208CE1C400B8B6F1 /* Sources */,
				9E7CB428208CE1C400B8B6F1 /* Frameworks */,
				9E7CB429208CE1C400B8B6F1 /* Headers */,
				9E7CB42A208CE1C400B8B6F1 /* Resources */,
			);
			buildRules = (
			);
			dependencies = (
			);
			name = UIToolzTvOS;
			productName = UIToolzTvOS;
			productReference = 9E7CB42C208CE1C400B8B6F1 /* UIToolzTvOS.framework */;
			productType = "com.apple.product-type.framework";
		};
/* End PBXNativeTarget section */

/* Begin PBXProject section */
		9E7CB423208CE1C400B8B6F1 /* Project object */ = {
			isa = PBXProject;
			attributes = {
				LastUpgradeCheck = 0920;
				ORGANIZATIONNAME = Flowtoolz;
				TargetAttributes = {
					9E7CB42B208CE1C400B8B6F1 = {
						CreatedOnToolsVersion = 9.2;
						LastSwiftMigration = 0920;
						ProvisioningStyle = Automatic;
					};
				};
			};
			buildConfigurationList = 9E7CB426208CE1C400B8B6F1 /* Build configuration list for PBXProject "UIToolzTvOS" */;
			compatibilityVersion = "Xcode 8.0";
			developmentRegion = en;
			hasScannedForEncodings = 0;
			knownRegions = (
				en,
			);
			mainGroup = 9E7CB422208CE1C400B8B6F1;
			productRefGroup = 9E7CB42D208CE1C400B8B6F1 /* Products */;
			projectDirPath = "";
			projectRoot = "";
			targets = (
				9E7CB42B208CE1C400B8B6F1 /* UIToolzTvOS */,
			);
		};
/* End PBXProject section */

/* Begin PBXResourcesBuildPhase section */
		9E7CB42A208CE1C400B8B6F1 /* Resources */ = {
			isa = PBXResourcesBuildPhase;
			buildActionMask = 2147483647;
			files = (
			);
			runOnlyForDeploymentPostprocessing = 0;
		};
/* End PBXResourcesBuildPhase section */

/* Begin PBXSourcesBuildPhase section */
		9E7CB427208CE1C400B8B6F1 /* Sources */ = {
			isa = PBXSourcesBuildPhase;
			buildActionMask = 2147483647;
			files = (
				9ECC37E0208CEE91004B21AE /* Alert.swift in Sources */,
				9ECC37DE208CEE91004B21AE /* AlertPresenter.swift in Sources */,
				9ECC37E5208CEE91004B21AE /* UIColor+Flowtoolz.swift in Sources */,
				9ECC37E1208CEE91004B21AE /* MessagePresenter.swift in Sources */,
				9ECC37E4208CEE91004B21AE /* PagingView.swift in Sources */,
				9ECC37E6208CEE91004B21AE /* UIFont+Flowtoolz.swift in Sources */,
				9ECC37E7208CEE91004B21AE /* CG+Flowtoolz.swift in Sources */,
				9ECC37E2208CEE91004B21AE /* ActivityIndicatorOverlay.swift in Sources */,
				9ECC37E3208CEE91004B21AE /* UIImage+Flowtoolz.swift in Sources */,
				9ECC37DF208CEE91004B21AE /* UIView+Flowtoolz.swift in Sources */,
				9ECC37E8208CEE91004B21AE /* BottomLineTextField.swift in Sources */,
			);
			runOnlyForDeploymentPostprocessing = 0;
		};
/* End PBXSourcesBuildPhase section */

/* Begin XCBuildConfiguration section */
		9E7CB432208CE1C400B8B6F1 /* Debug */ = {
			isa = XCBuildConfiguration;
			buildSettings = {
				ALWAYS_SEARCH_USER_PATHS = NO;
				CLANG_ANALYZER_NONNULL = YES;
				CLANG_ANALYZER_NUMBER_OBJECT_CONVERSION = YES_AGGRESSIVE;
				CLANG_CXX_LANGUAGE_STANDARD = "gnu++14";
				CLANG_CXX_LIBRARY = "libc++";
				CLANG_ENABLE_MODULES = YES;
				CLANG_ENABLE_OBJC_ARC = YES;
				CLANG_WARN_BLOCK_CAPTURE_AUTORELEASING = YES;
				CLANG_WARN_BOOL_CONVERSION = YES;
				CLANG_WARN_COMMA = YES;
				CLANG_WARN_CONSTANT_CONVERSION = YES;
				CLANG_WARN_DIRECT_OBJC_ISA_USAGE = YES_ERROR;
				CLANG_WARN_DOCUMENTATION_COMMENTS = YES;
				CLANG_WARN_EMPTY_BODY = YES;
				CLANG_WARN_ENUM_CONVERSION = YES;
				CLANG_WARN_INFINITE_RECURSION = YES;
				CLANG_WARN_INT_CONVERSION = YES;
				CLANG_WARN_NON_LITERAL_NULL_CONVERSION = YES;
				CLANG_WARN_OBJC_LITERAL_CONVERSION = YES;
				CLANG_WARN_OBJC_ROOT_CLASS = YES_ERROR;
				CLANG_WARN_RANGE_LOOP_ANALYSIS = YES;
				CLANG_WARN_STRICT_PROTOTYPES = YES;
				CLANG_WARN_SUSPICIOUS_MOVE = YES;
				CLANG_WARN_UNGUARDED_AVAILABILITY = YES_AGGRESSIVE;
				CLANG_WARN_UNREACHABLE_CODE = YES;
				CLANG_WARN__DUPLICATE_METHOD_MATCH = YES;
				COPY_PHASE_STRIP = NO;
				CURRENT_PROJECT_VERSION = 1;
				DEBUG_INFORMATION_FORMAT = dwarf;
				ENABLE_STRICT_OBJC_MSGSEND = YES;
				ENABLE_TESTABILITY = YES;
				GCC_C_LANGUAGE_STANDARD = gnu11;
				GCC_DYNAMIC_NO_PIC = NO;
				GCC_NO_COMMON_BLOCKS = YES;
				GCC_OPTIMIZATION_LEVEL = 0;
				GCC_PREPROCESSOR_DEFINITIONS = (
					"DEBUG=1",
					"$(inherited)",
				);
				GCC_WARN_64_TO_32_BIT_CONVERSION = YES;
				GCC_WARN_ABOUT_RETURN_TYPE = YES_ERROR;
				GCC_WARN_UNDECLARED_SELECTOR = YES;
				GCC_WARN_UNINITIALIZED_AUTOS = YES_AGGRESSIVE;
				GCC_WARN_UNUSED_FUNCTION = YES;
				GCC_WARN_UNUSED_VARIABLE = YES;
				MTL_ENABLE_DEBUG_INFO = YES;
				ONLY_ACTIVE_ARCH = YES;
				SDKROOT = appletvos;
				SWIFT_ACTIVE_COMPILATION_CONDITIONS = DEBUG;
				SWIFT_OPTIMIZATION_LEVEL = "-Onone";
				TVOS_DEPLOYMENT_TARGET = 11.1;
				VERSIONING_SYSTEM = "apple-generic";
				VERSION_INFO_PREFIX = "";
			};
			name = Debug;
		};
		9E7CB433208CE1C400B8B6F1 /* Release */ = {
			isa = XCBuildConfiguration;
			buildSettings = {
				ALWAYS_SEARCH_USER_PATHS = NO;
				CLANG_ANALYZER_NONNULL = YES;
				CLANG_ANALYZER_NUMBER_OBJECT_CONVERSION = YES_AGGRESSIVE;
				CLANG_CXX_LANGUAGE_STANDARD = "gnu++14";
				CLANG_CXX_LIBRARY = "libc++";
				CLANG_ENABLE_MODULES = YES;
				CLANG_ENABLE_OBJC_ARC = YES;
				CLANG_WARN_BLOCK_CAPTURE_AUTORELEASING = YES;
				CLANG_WARN_BOOL_CONVERSION = YES;
				CLANG_WARN_COMMA = YES;
				CLANG_WARN_CONSTANT_CONVERSION = YES;
				CLANG_WARN_DIRECT_OBJC_ISA_USAGE = YES_ERROR;
				CLANG_WARN_DOCUMENTATION_COMMENTS = YES;
				CLANG_WARN_EMPTY_BODY = YES;
				CLANG_WARN_ENUM_CONVERSION = YES;
				CLANG_WARN_INFINITE_RECURSION = YES;
				CLANG_WARN_INT_CONVERSION = YES;
				CLANG_WARN_NON_LITERAL_NULL_CONVERSION = YES;
				CLANG_WARN_OBJC_LITERAL_CONVERSION = YES;
				CLANG_WARN_OBJC_ROOT_CLASS = YES_ERROR;
				CLANG_WARN_RANGE_LOOP_ANALYSIS = YES;
				CLANG_WARN_STRICT_PROTOTYPES = YES;
				CLANG_WARN_SUSPICIOUS_MOVE = YES;
				CLANG_WARN_UNGUARDED_AVAILABILITY = YES_AGGRESSIVE;
				CLANG_WARN_UNREACHABLE_CODE = YES;
				CLANG_WARN__DUPLICATE_METHOD_MATCH = YES;
				COPY_PHASE_STRIP = NO;
				CURRENT_PROJECT_VERSION = 1;
				DEBUG_INFORMATION_FORMAT = "dwarf-with-dsym";
				ENABLE_NS_ASSERTIONS = NO;
				ENABLE_STRICT_OBJC_MSGSEND = YES;
				GCC_C_LANGUAGE_STANDARD = gnu11;
				GCC_NO_COMMON_BLOCKS = YES;
				GCC_WARN_64_TO_32_BIT_CONVERSION = YES;
				GCC_WARN_ABOUT_RETURN_TYPE = YES_ERROR;
				GCC_WARN_UNDECLARED_SELECTOR = YES;
				GCC_WARN_UNINITIALIZED_AUTOS = YES_AGGRESSIVE;
				GCC_WARN_UNUSED_FUNCTION = YES;
				GCC_WARN_UNUSED_VARIABLE = YES;
				MTL_ENABLE_DEBUG_INFO = NO;
				SDKROOT = appletvos;
				SWIFT_OPTIMIZATION_LEVEL = "-Owholemodule";
				TVOS_DEPLOYMENT_TARGET = 11.1;
				VALIDATE_PRODUCT = YES;
				VERSIONING_SYSTEM = "apple-generic";
				VERSION_INFO_PREFIX = "";
			};
			name = Release;
		};
		9E7CB435208CE1C500B8B6F1 /* Debug */ = {
			isa = XCBuildConfiguration;
			buildSettings = {
				CLANG_ENABLE_MODULES = YES;
				CODE_SIGN_IDENTITY = "";
				CODE_SIGN_STYLE = Automatic;
				DEFINES_MODULE = YES;
				DYLIB_COMPATIBILITY_VERSION = 1;
				DYLIB_CURRENT_VERSION = 1;
				DYLIB_INSTALL_NAME_BASE = "@rpath";
				INFOPLIST_FILE = UIToolzTvOS.plist;
				INSTALL_PATH = "$(LOCAL_LIBRARY_DIR)/Frameworks";
				LD_RUNPATH_SEARCH_PATHS = "$(inherited) @executable_path/Frameworks @loader_path/Frameworks";
				PRODUCT_BUNDLE_IDENTIFIER = com.flowtoolz.UIToolzTvOS;
				PRODUCT_NAME = "$(TARGET_NAME:c99extidentifier)";
				SKIP_INSTALL = YES;
				SWIFT_OPTIMIZATION_LEVEL = "-Onone";
				SWIFT_VERSION = 4.0;
				TARGETED_DEVICE_FAMILY = 3;
			};
			name = Debug;
		};
		9E7CB436208CE1C500B8B6F1 /* Release */ = {
			isa = XCBuildConfiguration;
			buildSettings = {
				CLANG_ENABLE_MODULES = YES;
				CODE_SIGN_IDENTITY = "";
				CODE_SIGN_STYLE = Automatic;
				DEFINES_MODULE = YES;
				DYLIB_COMPATIBILITY_VERSION = 1;
				DYLIB_CURRENT_VERSION = 1;
				DYLIB_INSTALL_NAME_BASE = "@rpath";
				INFOPLIST_FILE = UIToolzTvOS.plist;
				INSTALL_PATH = "$(LOCAL_LIBRARY_DIR)/Frameworks";
				LD_RUNPATH_SEARCH_PATHS = "$(inherited) @executable_path/Frameworks @loader_path/Frameworks";
				PRODUCT_BUNDLE_IDENTIFIER = com.flowtoolz.UIToolzTvOS;
				PRODUCT_NAME = "$(TARGET_NAME:c99extidentifier)";
				SKIP_INSTALL = YES;
				SWIFT_VERSION = 4.0;
				TARGETED_DEVICE_FAMILY = 3;
			};
			name = Release;
		};
/* End XCBuildConfiguration section */

/* Begin XCConfigurationList section */
		9E7CB426208CE1C400B8B6F1 /* Build configuration list for PBXProject "UIToolzTvOS" */ = {
			isa = XCConfigurationList;
			buildConfigurations = (
				9E7CB432208CE1C400B8B6F1 /* Debug */,
				9E7CB433208CE1C400B8B6F1 /* Release */,
			);
			defaultConfigurationIsVisible = 0;
			defaultConfigurationName = Release;
		};
		9E7CB434208CE1C500B8B6F1 /* Build configuration list for PBXNativeTarget "UIToolzTvOS" */ = {
			isa = XCConfigurationList;
			buildConfigurations = (
				9E7CB435208CE1C500B8B6F1 /* Debug */,
				9E7CB436208CE1C500B8B6F1 /* Release */,
			);
			defaultConfigurationIsVisible = 0;
			defaultConfigurationName = Release;
		};
/* End XCConfigurationList section */
	};
	rootObject = 9E7CB423208CE1C400B8B6F1 /* Project object */;
}
